
Microsoft Visual Studio Solution File, Format Version 12.00
# Visual Studio Version 16
VisualStudioVersion = 16.0.30413.136
MinimumVisualStudioVersion = 10.0.40219.1
Project("{FAE04EC0-301F-11D3-BF4B-00C04F79EFBC}") = "BL", "BL\BL.csproj", "{199E5F2A-6F2A-4B74-BCF6-DFBA03F0444D}"
EndProject
Project("{FAE04EC0-301F-11D3-BF4B-00C04F79EFBC}") = "EF", "EF\EF.csproj", "{4AE7A19F-1440-4C2F-B222-DDBCCB697597}"
EndProject
Project("{FAE04EC0-301F-11D3-BF4B-00C04F79EFBC}") = "ML", "ML\ML.csproj", "{ABD93589-1159-4367-B47F-13EDBE8EFDF7}"
EndProject
Project("{FAE04EC0-301F-11D3-BF4B-00C04F79EFBC}") = "PL_MVC", "PL_MVC\PL_MVC.csproj", "{E5DE7284-E579-4189-883C-EFE81F2D88F7}"
EndProject
Project("{FAE04EC0-301F-11D3-BF4B-00C04F79EFBC}") = "PL_Consola", "PL_Consola\PL_Consola.csproj", "{EFA2E547-29D6-4FBB-828F-4F2906EBACC6}"
EndProject
Project("{FAE04EC0-301F-11D3-BF4B-00C04F79EFBC}") = "DL_SQL-client", "DL_SQL-client\DL_SQL-client.csproj", "{B730F8B0-7BBB-4722-8825-FBF0E6B590F9}"
EndProject
Project("{FAE04EC0-301F-11D3-BF4B-00C04F79EFBC}") = "SL", "SL\SL.csproj", "{C188270C-1FFD-4679-83B5-925DF140DE47}"
EndProject
Global
	GlobalSection(SolutionConfigurationPlatforms) = preSolution
		Debug|Any CPU = Debug|Any CPU
		Release|Any CPU = Release|Any CPU
	EndGlobalSection
	GlobalSection(ProjectConfigurationPlatforms) = postSolution
		{199E5F2A-6F2A-4B74-BCF6-DFBA03F0444D}.Debug|Any CPU.ActiveCfg = Debug|Any CPU
		{199E5F2A-6F2A-4B74-BCF6-DFBA03F0444D}.Debug|Any CPU.Build.0 = Debug|Any CPU
		{199E5F2A-6F2A-4B74-BCF6-DFBA03F0444D}.Release|Any CPU.ActiveCfg = Release|Any CPU
		{199E5F2A-6F2A-4B74-BCF6-DFBA03F0444D}.Release|Any CPU.Build.0 = Release|Any CPU
		{4AE7A19F-1440-4C2F-B222-DDBCCB697597}.Debug|Any CPU.ActiveCfg = Debug|Any CPU
		{4AE7A19F-1440-4C2F-B222-DDBCCB697597}.Debug|Any CPU.Build.0 = Debug|Any CPU
		{4AE7A19F-1440-4C2F-B222-DDBCCB697597}.Release|Any CPU.ActiveCfg = Release|Any CPU
		{4AE7A19F-1440-4C2F-B222-DDBCCB697597}.Release|Any CPU.Build.0 = Release|Any CPU
		{ABD93589-1159-4367-B47F-13EDBE8EFDF7}.Debug|Any CPU.ActiveCfg = Debug|Any CPU
		{ABD93589-1159-4367-B47F-13EDBE8EFDF7}.Debug|Any CPU.Build.0 = Debug|Any CPU
		{ABD93589-1159-4367-B47F-13EDBE8EFDF7}.Release|Any CPU.ActiveCfg = Release|Any CPU
		{ABD93589-1159-4367-B47F-13EDBE8EFDF7}.Release|Any CPU.Build.0 = Release|Any CPU
		{E5DE7284-E579-4189-883C-EFE81F2D88F7}.Debug|Any CPU.ActiveCfg = Debug|Any CPU
		{E5DE7284-E579-4189-883C-EFE81F2D88F7}.Debug|Any CPU.Build.0 = Debug|Any CPU
		{E5DE7284-E579-4189-883C-EFE81F2D88F7}.Release|Any CPU.ActiveCfg = Release|Any CPU
		{E5DE7284-E579-4189-883C-EFE81F2D88F7}.Release|Any CPU.Build.0 = Release|Any CPU
		{EFA2E547-29D6-4FBB-828F-4F2906EBACC6}.Debug|Any CPU.ActiveCfg = Debug|Any CPU
		{EFA2E547-29D6-4FBB-828F-4F2906EBACC6}.Debug|Any CPU.Build.0 = Debug|Any CPU
		{EFA2E547-29D6-4FBB-828F-4F2906EBACC6}.Release|Any CPU.ActiveCfg = Release|Any CPU
		{EFA2E547-29D6-4FBB-828F-4F2906EBACC6}.Release|Any CPU.Build.0 = Release|Any CPU
		{B730F8B0-7BBB-4722-8825-FBF0E6B590F9}.Debug|Any CPU.ActiveCfg = Debug|Any CPU
		{B730F8B0-7BBB-4722-8825-FBF0E6B590F9}.Debug|Any CPU.Build.0 = Debug|Any CPU
		{B730F8B0-7BBB-4722-8825-FBF0E6B590F9}.Release|Any CPU.ActiveCfg = Release|Any CPU
		{B730F8B0-7BBB-4722-8825-FBF0E6B590F9}.Release|Any CPU.Build.0 = Release|Any CPU
		{C188270C-1FFD-4679-83B5-925DF140DE47}.Debug|Any CPU.ActiveCfg = Debug|Any CPU
		{C188270C-1FFD-4679-83B5-925DF140DE47}.Debug|Any CPU.Build.0 = Debug|Any CPU
		{C188270C-1FFD-4679-83B5-925DF140DE47}.Release|Any CPU.ActiveCfg = Release|Any CPU
		{C188270C-1FFD-4679-83B5-925DF140DE47}.Release|Any CPU.Build.0 = Release|Any CPU
	EndGlobalSection
	GlobalSection(SolutionProperties) = preSolution
		HideSolutionNode = FALSE
	EndGlobalSection
	GlobalSection(ExtensibilityGlobals) = postSolution
		SolutionGuid = {849D9AB9-3D55-4C65-BCCF-73DB094E9E7E}
	EndGlobalSection
EndGlobal
